
Microsoft Visual Studio Solution File, Format Version 12.00
# Visual Studio Version 16
VisualStudioVersion = 16.0.31424.327
MinimumVisualStudioVersion = 10.0.40219.1
Project("{8BC9CEB8-8B4A-11D0-8D11-00A0C91BC942}") = "Bai_1_BaiOnTapTongHop", "Bai_1_BaiOnTapTongHop\Bai_1_BaiOnTapTongHop.vcxproj", "{5C881A03-CE2B-4CC5-A7C0-13FDC432E3F8}"
EndProject
Project("{8BC9CEB8-8B4A-11D0-8D11-00A0C91BC942}") = "BAI_2_ConTro", "BAI_2_ConTro\BAI_2_ConTro.vcxproj", "{0829FBE8-7975-44D5-9161-24BD8A05D105}"
EndProject
Project("{8BC9CEB8-8B4A-11D0-8D11-00A0C91BC942}") = "BAI_3_ThamBienVaThamTri", "BAI_3_ThamBienVaThamTri\BAI_3_ThamBienVaThamTri.vcxproj", "{5484BE59-401D-4F05-845B-363FDE98648F}"
EndProject
Project("{8BC9CEB8-8B4A-11D0-8D11-00A0C91BC942}") = "BAI_5_ThuatToanTimKiem", "BAI_1_5_ThuatToanTimKiem\BAI_1_5_ThuatToanTimKiem.vcxproj", "{58DB2C53-81B8-41FC-9B80-6BE6D8303321}"
EndProject
Project("{8BC9CEB8-8B4A-11D0-8D11-00A0C91BC942}") = "BAI_4_ControVaArray", "BAI_4_ControVaArray\BAI_4_ControVaArray.vcxproj", "{4A6AE844-C300-4754-9197-4CFF04459CBE}"
EndProject
Project("{8BC9CEB8-8B4A-11D0-8D11-00A0C91BC942}") = "BAI_6_Stack", "BAI_6_Stack\BAI_6_Stack.vcxproj", "{D7597676-3CE6-4C2C-B019-C89B0B120EFD}"
EndProject
Project("{8BC9CEB8-8B4A-11D0-8D11-00A0C91BC942}") = "BAI_7_Queue", "BAI_7_Queue\BAI_7_Queue.vcxproj", "{6D9DDF51-7B63-43B3-BF32-E5932FCC11FF}"
EndProject
Project("{8BC9CEB8-8B4A-11D0-8D11-00A0C91BC942}") = "BAI_8_Linked_List", "BAI_8_Linked_List\BAI_8_Linked_List.vcxproj", "{7E3138C0-347F-4FC0-A0F1-F91425AFF56F}"
EndProject
Global
	GlobalSection(SolutionConfigurationPlatforms) = preSolution
		Debug|x64 = Debug|x64
		Debug|x86 = Debug|x86
		Release|x64 = Release|x64
		Release|x86 = Release|x86
	EndGlobalSection
	GlobalSection(ProjectConfigurationPlatforms) = postSolution
		{5C881A03-CE2B-4CC5-A7C0-13FDC432E3F8}.Debug|x64.ActiveCfg = Debug|x64
		{5C881A03-CE2B-4CC5-A7C0-13FDC432E3F8}.Debug|x64.Build.0 = Debug|x64
		{5C881A03-CE2B-4CC5-A7C0-13FDC432E3F8}.Debug|x86.ActiveCfg = Debug|Win32
		{5C881A03-CE2B-4CC5-A7C0-13FDC432E3F8}.Debug|x86.Build.0 = Debug|Win32
		{5C881A03-CE2B-4CC5-A7C0-13FDC432E3F8}.Release|x64.ActiveCfg = Release|x64
		{5C881A03-CE2B-4CC5-A7C0-13FDC432E3F8}.Release|x64.Build.0 = Release|x64
		{5C881A03-CE2B-4CC5-A7C0-13FDC432E3F8}.Release|x86.ActiveCfg = Release|Win32
		{5C881A03-CE2B-4CC5-A7C0-13FDC432E3F8}.Release|x86.Build.0 = Release|Win32
		{0829FBE8-7975-44D5-9161-24BD8A05D105}.Debug|x64.ActiveCfg = Debug|x64
		{0829FBE8-7975-44D5-9161-24BD8A05D105}.Debug|x64.Build.0 = Debug|x64
		{0829FBE8-7975-44D5-9161-24BD8A05D105}.Debug|x86.ActiveCfg = Debug|Win32
		{0829FBE8-7975-44D5-9161-24BD8A05D105}.Debug|x86.Build.0 = Debug|Win32
		{0829FBE8-7975-44D5-9161-24BD8A05D105}.Release|x64.ActiveCfg = Release|x64
		{0829FBE8-7975-44D5-9161-24BD8A05D105}.Release|x64.Build.0 = Release|x64
		{0829FBE8-7975-44D5-9161-24BD8A05D105}.Release|x86.ActiveCfg = Release|Win32
		{0829FBE8-7975-44D5-9161-24BD8A05D105}.Release|x86.Build.0 = Release|Win32
		{5484BE59-401D-4F05-845B-363FDE98648F}.Debug|x64.ActiveCfg = Debug|x64
		{5484BE59-401D-4F05-845B-363FDE98648F}.Debug|x64.Build.0 = Debug|x64
		{5484BE59-401D-4F05-845B-363FDE98648F}.Debug|x86.ActiveCfg = Debug|Win32
		{5484BE59-401D-4F05-845B-363FDE98648F}.Debug|x86.Build.0 = Debug|Win32
		{5484BE59-401D-4F05-845B-363FDE98648F}.Release|x64.ActiveCfg = Release|x64
		{5484BE59-401D-4F05-845B-363FDE98648F}.Release|x64.Build.0 = Release|x64
		{5484BE59-401D-4F05-845B-363FDE98648F}.Release|x86.ActiveCfg = Release|Win32
		{5484BE59-401D-4F05-845B-363FDE98648F}.Release|x86.Build.0 = Release|Win32
		{58DB2C53-81B8-41FC-9B80-6BE6D8303321}.Debug|x64.ActiveCfg = Debug|x64
		{58DB2C53-81B8-41FC-9B80-6BE6D8303321}.Debug|x64.Build.0 = Debug|x64
		{58DB2C53-81B8-41FC-9B80-6BE6D8303321}.Debug|x86.ActiveCfg = Debug|Win32
		{58DB2C53-81B8-41FC-9B80-6BE6D8303321}.Debug|x86.Build.0 = Debug|Win32
		{58DB2C53-81B8-41FC-9B80-6BE6D8303321}.Release|x64.ActiveCfg = Release|x64
		{58DB2C53-81B8-41FC-9B80-6BE6D8303321}.Release|x64.Build.0 = Release|x64
		{58DB2C53-81B8-41FC-9B80-6BE6D8303321}.Release|x86.ActiveCfg = Release|Win32
		{58DB2C53-81B8-41FC-9B80-6BE6D8303321}.Release|x86.Build.0 = Release|Win32
		{4A6AE844-C300-4754-9197-4CFF04459CBE}.Debug|x64.ActiveCfg = Debug|x64
		{4A6AE844-C300-4754-9197-4CFF04459CBE}.Debug|x64.Build.0 = Debug|x64
		{4A6AE844-C300-4754-9197-4CFF04459CBE}.Debug|x86.ActiveCfg = Debug|Win32
		{4A6AE844-C300-4754-9197-4CFF04459CBE}.Debug|x86.Build.0 = Debug|Win32
		{4A6AE844-C300-4754-9197-4CFF04459CBE}.Release|x64.ActiveCfg = Release|x64
		{4A6AE844-C300-4754-9197-4CFF04459CBE}.Release|x64.Build.0 = Release|x64
		{4A6AE844-C300-4754-9197-4CFF04459CBE}.Release|x86.ActiveCfg = Release|Win32
		{4A6AE844-C300-4754-9197-4CFF04459CBE}.Release|x86.Build.0 = Release|Win32
		{D7597676-3CE6-4C2C-B019-C89B0B120EFD}.Debug|x64.ActiveCfg = Debug|x64
		{D7597676-3CE6-4C2C-B019-C89B0B120EFD}.Debug|x64.Build.0 = Debug|x64
		{D7597676-3CE6-4C2C-B019-C89B0B120EFD}.Debug|x86.ActiveCfg = Debug|Win32
		{D7597676-3CE6-4C2C-B019-C89B0B120EFD}.Debug|x86.Build.0 = Debug|Win32
		{D7597676-3CE6-4C2C-B019-C89B0B120EFD}.Release|x64.ActiveCfg = Release|x64
		{D7597676-3CE6-4C2C-B019-C89B0B120EFD}.Release|x64.Build.0 = Release|x64
		{D7597676-3CE6-4C2C-B019-C89B0B120EFD}.Release|x86.ActiveCfg = Release|Win32
		{D7597676-3CE6-4C2C-B019-C89B0B120EFD}.Release|x86.Build.0 = Release|Win32
		{6D9DDF51-7B63-43B3-BF32-E5932FCC11FF}.Debug|x64.ActiveCfg = Debug|x64
		{6D9DDF51-7B63-43B3-BF32-E5932FCC11FF}.Debug|x64.Build.0 = Debug|x64
		{6D9DDF51-7B63-43B3-BF32-E5932FCC11FF}.Debug|x86.ActiveCfg = Debug|Win32
		{6D9DDF51-7B63-43B3-BF32-E5932FCC11FF}.Debug|x86.Build.0 = Debug|Win32
		{6D9DDF51-7B63-43B3-BF32-E5932FCC11FF}.Release|x64.ActiveCfg = Release|x64
		{6D9DDF51-7B63-43B3-BF32-E5932FCC11FF}.Release|x64.Build.0 = Release|x64
		{6D9DDF51-7B63-43B3-BF32-E5932FCC11FF}.Release|x86.ActiveCfg = Release|Win32
		{6D9DDF51-7B63-43B3-BF32-E5932FCC11FF}.Release|x86.Build.0 = Release|Win32
		{7E3138C0-347F-4FC0-A0F1-F91425AFF56F}.Debug|x64.ActiveCfg = Debug|x64
		{7E3138C0-347F-4FC0-A0F1-F91425AFF56F}.Debug|x64.Build.0 = Debug|x64
		{7E3138C0-347F-4FC0-A0F1-F91425AFF56F}.Debug|x86.ActiveCfg = Debug|Win32
		{7E3138C0-347F-4FC0-A0F1-F91425AFF56F}.Debug|x86.Build.0 = Debug|Win32
		{7E3138C0-347F-4FC0-A0F1-F91425AFF56F}.Release|x64.ActiveCfg = Release|x64
		{7E3138C0-347F-4FC0-A0F1-F91425AFF56F}.Release|x64.Build.0 = Release|x64
		{7E3138C0-347F-4FC0-A0F1-F91425AFF56F}.Release|x86.ActiveCfg = Release|Win32
		{7E3138C0-347F-4FC0-A0F1-F91425AFF56F}.Release|x86.Build.0 = Release|Win32
	EndGlobalSection
	GlobalSection(SolutionProperties) = preSolution
		HideSolutionNode = FALSE
	EndGlobalSection
	GlobalSection(ExtensibilityGlobals) = postSolution
		SolutionGuid = {D9A9A286-A010-4E7D-A223-D3D61DE25441}
	EndGlobalSection
EndGlobal
